
Microsoft Visual Studio Solution File, Format Version 12.00
# Visual Studio Version 17
VisualStudioVersion = 17.3.32519.111
MinimumVisualStudioVersion = 10.0.40219.1
Project("{2150E333-8FDC-42A3-9474-1A3956D46DE8}") = "ENV", "ENV", "{523A9F07-8BBF-4A18-92C0-D7CD8642D353}"
	ProjectSection(SolutionItems) = preProject
		..\.gitattributes = ..\.gitattributes
		..\.gitignore = ..\.gitignore
		..\azure-pipelines.yml = ..\azure-pipelines.yml
		..\README.md = ..\README.md
	EndProjectSection
EndProject
Project("{9A19103F-16F7-4668-BE54-9A1E7A4F7556}") = "Simplic.OxS.Auth.InternalClient", "Simplic.OxS.Auth.InternalClient\Simplic.OxS.Auth.InternalClient.csproj", "{8218F2AA-65B9-4626-98E9-53203F6EED10}"
EndProject
Project("{9A19103F-16F7-4668-BE54-9A1E7A4F7556}") = "Simplic.OxS.Organization.InternalClient", "Simplic.OxS.Organization.InternalClient\Simplic.OxS.Organization.InternalClient.csproj", "{1CD79D7F-507E-4430-8BE5-5DF4EFC78E2F}"
EndProject
Project("{9A19103F-16F7-4668-BE54-9A1E7A4F7556}") = "Simplic.OxS.Contact.InternalClient", "Simplic.OxS.Contact.InternalClient\Simplic.OxS.Contact.InternalClient.csproj", "{C866DF5A-FAC4-44FC-BB08-47DDA8A37982}"
EndProject
Project("{9A19103F-16F7-4668-BE54-9A1E7A4F7556}") = "Simplic.OxS.Erp.InternalClient", "Simplic.OxS.Erp.InternalClient\Simplic.OxS.Erp.InternalClient.csproj", "{285DC4CD-C530-49F5-AC58-4EFA1CE14A36}"
EndProject
Project("{FAE04EC0-301F-11D3-BF4B-00C04F79EFBC}") = "Simplic.OxS.Article.InternalClient", "Simplic.OxS.Article.InternalClient\Simplic.OxS.Article.InternalClient.csproj", "{66B1C118-2CB4-4B07-95FD-AD35B0E1F303}"
EndProject
Global
	GlobalSection(SolutionConfigurationPlatforms) = preSolution
		Debug|Any CPU = Debug|Any CPU
		Release|Any CPU = Release|Any CPU
	EndGlobalSection
	GlobalSection(ProjectConfigurationPlatforms) = postSolution
		{8218F2AA-65B9-4626-98E9-53203F6EED10}.Debug|Any CPU.ActiveCfg = Debug|Any CPU
		{8218F2AA-65B9-4626-98E9-53203F6EED10}.Debug|Any CPU.Build.0 = Debug|Any CPU
		{8218F2AA-65B9-4626-98E9-53203F6EED10}.Release|Any CPU.ActiveCfg = Release|Any CPU
		{8218F2AA-65B9-4626-98E9-53203F6EED10}.Release|Any CPU.Build.0 = Release|Any CPU
		{1CD79D7F-507E-4430-8BE5-5DF4EFC78E2F}.Debug|Any CPU.ActiveCfg = Debug|Any CPU
		{1CD79D7F-507E-4430-8BE5-5DF4EFC78E2F}.Debug|Any CPU.Build.0 = Debug|Any CPU
		{1CD79D7F-507E-4430-8BE5-5DF4EFC78E2F}.Release|Any CPU.ActiveCfg = Release|Any CPU
		{1CD79D7F-507E-4430-8BE5-5DF4EFC78E2F}.Release|Any CPU.Build.0 = Release|Any CPU
		{C866DF5A-FAC4-44FC-BB08-47DDA8A37982}.Debug|Any CPU.ActiveCfg = Debug|Any CPU
		{C866DF5A-FAC4-44FC-BB08-47DDA8A37982}.Debug|Any CPU.Build.0 = Debug|Any CPU
		{C866DF5A-FAC4-44FC-BB08-47DDA8A37982}.Release|Any CPU.ActiveCfg = Release|Any CPU
		{C866DF5A-FAC4-44FC-BB08-47DDA8A37982}.Release|Any CPU.Build.0 = Release|Any CPU
		{285DC4CD-C530-49F5-AC58-4EFA1CE14A36}.Debug|Any CPU.ActiveCfg = Debug|Any CPU
		{285DC4CD-C530-49F5-AC58-4EFA1CE14A36}.Debug|Any CPU.Build.0 = Debug|Any CPU
		{285DC4CD-C530-49F5-AC58-4EFA1CE14A36}.Release|Any CPU.ActiveCfg = Release|Any CPU
		{285DC4CD-C530-49F5-AC58-4EFA1CE14A36}.Release|Any CPU.Build.0 = Release|Any CPU
		{66B1C118-2CB4-4B07-95FD-AD35B0E1F303}.Debug|Any CPU.ActiveCfg = Debug|Any CPU
		{66B1C118-2CB4-4B07-95FD-AD35B0E1F303}.Debug|Any CPU.Build.0 = Debug|Any CPU
		{66B1C118-2CB4-4B07-95FD-AD35B0E1F303}.Release|Any CPU.ActiveCfg = Release|Any CPU
		{66B1C118-2CB4-4B07-95FD-AD35B0E1F303}.Release|Any CPU.Build.0 = Release|Any CPU
	EndGlobalSection
	GlobalSection(SolutionProperties) = preSolution
		HideSolutionNode = FALSE
	EndGlobalSection
	GlobalSection(ExtensibilityGlobals) = postSolution
		SolutionGuid = {755E8FA4-8CFA-472F-8EE9-4023A4ED54F0}
	EndGlobalSection
EndGlobal
